
Microsoft Visual Studio Solution File, Format Version 12.00
# Visual Studio 15
VisualStudioVersion = 15.0.28307.902
MinimumVisualStudioVersion = 10.0.40219.1
Project("{8BC9CEB8-8B4A-11D0-8D11-00A0C91BC942}") = "2019_12_13", "2019_12_13\2019_12_13.vcxproj", "{8854D75E-176B-4208-B296-7AC2FD3B2F55}"
EndProject
Global
	GlobalSection(SolutionConfigurationPlatforms) = preSolution
		Debug|x64 = Debug|x64
		Debug|x86 = Debug|x86
		Release|x64 = Release|x64
		Release|x86 = Release|x86
	EndGlobalSection
	GlobalSection(ProjectConfigurationPlatforms) = postSolution
		{8854D75E-176B-4208-B296-7AC2FD3B2F55}.Debug|x64.ActiveCfg = Debug|x64
		{8854D75E-176B-4208-B296-7AC2FD3B2F55}.Debug|x64.Build.0 = Debug|x64
		{8854D75E-176B-4208-B296-7AC2FD3B2F55}.Debug|x86.ActiveCfg = Debug|Win32
		{8854D75E-176B-4208-B296-7AC2FD3B2F55}.Debug|x86.Build.0 = Debug|Win32
		{8854D75E-176B-4208-B296-7AC2FD3B2F55}.Release|x64.ActiveCfg = Release|x64
		{8854D75E-176B-4208-B296-7AC2FD3B2F55}.Release|x64.Build.0 = Release|x64
		{8854D75E-176B-4208-B296-7AC2FD3B2F55}.Release|x86.ActiveCfg = Release|Win32
		{8854D75E-176B-4208-B296-7AC2FD3B2F55}.Release|x86.Build.0 = Release|Win32
	EndGlobalSection
	GlobalSection(SolutionProperties) = preSolution
		HideSolutionNode = FALSE
	EndGlobalSection
	GlobalSection(ExtensibilityGlobals) = postSolution
		SolutionGuid = {F54DE67D-79BF-43F1-ADC5-2034D5B9E1EC}
	EndGlobalSection
EndGlobal
