
Microsoft Visual Studio Solution File, Format Version 12.00
# Visual Studio 15
VisualStudioVersion = 15.0.28307.902
MinimumVisualStudioVersion = 10.0.40219.1
Project("{8BC9CEB8-8B4A-11D0-8D11-00A0C91BC942}") = "2019_11_27", "2019_11_27\2019_11_27.vcxproj", "{10B36C25-709A-494C-A930-3550AE5FEA7C}"
EndProject
Global
	GlobalSection(SolutionConfigurationPlatforms) = preSolution
		Debug|x64 = Debug|x64
		Debug|x86 = Debug|x86
		Release|x64 = Release|x64
		Release|x86 = Release|x86
	EndGlobalSection
	GlobalSection(ProjectConfigurationPlatforms) = postSolution
		{10B36C25-709A-494C-A930-3550AE5FEA7C}.Debug|x64.ActiveCfg = Debug|x64
		{10B36C25-709A-494C-A930-3550AE5FEA7C}.Debug|x64.Build.0 = Debug|x64
		{10B36C25-709A-494C-A930-3550AE5FEA7C}.Debug|x86.ActiveCfg = Debug|Win32
		{10B36C25-709A-494C-A930-3550AE5FEA7C}.Debug|x86.Build.0 = Debug|Win32
		{10B36C25-709A-494C-A930-3550AE5FEA7C}.Release|x64.ActiveCfg = Release|x64
		{10B36C25-709A-494C-A930-3550AE5FEA7C}.Release|x64.Build.0 = Release|x64
		{10B36C25-709A-494C-A930-3550AE5FEA7C}.Release|x86.ActiveCfg = Release|Win32
		{10B36C25-709A-494C-A930-3550AE5FEA7C}.Release|x86.Build.0 = Release|Win32
	EndGlobalSection
	GlobalSection(SolutionProperties) = preSolution
		HideSolutionNode = FALSE
	EndGlobalSection
	GlobalSection(ExtensibilityGlobals) = postSolution
		SolutionGuid = {CE30274C-8079-44A0-BC09-E6130E3120F3}
	EndGlobalSection
EndGlobal
